
Microsoft Visual Studio Solution File, Format Version 12.00
# Visual Studio Version 16
VisualStudioVersion = 16.0.28922.388
MinimumVisualStudioVersion = 10.0.40219.1
Project("{FAE04EC0-301F-11D3-BF4B-00C04F79EFBC}") = "LDAP_Auth", "LDAP_Auth\LDAP_Auth.csproj", "{D7DB294F-73FB-445C-A2E9-7E2E9F371716}"
EndProject
Global
	GlobalSection(SolutionConfigurationPlatforms) = preSolution
		Debug|Any CPU = Debug|Any CPU
		Release|Any CPU = Release|Any CPU
	EndGlobalSection
	GlobalSection(ProjectConfigurationPlatforms) = postSolution
		{D7DB294F-73FB-445C-A2E9-7E2E9F371716}.Debug|Any CPU.ActiveCfg = Debug|Any CPU
		{D7DB294F-73FB-445C-A2E9-7E2E9F371716}.Debug|Any CPU.Build.0 = Debug|Any CPU
		{D7DB294F-73FB-445C-A2E9-7E2E9F371716}.Release|Any CPU.ActiveCfg = Release|Any CPU
		{D7DB294F-73FB-445C-A2E9-7E2E9F371716}.Release|Any CPU.Build.0 = Release|Any CPU
	EndGlobalSection
	GlobalSection(SolutionProperties) = preSolution
		HideSolutionNode = FALSE
	EndGlobalSection
	GlobalSection(ExtensibilityGlobals) = postSolution
		SolutionGuid = {45282932-3DAA-47C3-A3D0-BEE1F81CB797}
	EndGlobalSection
EndGlobal
