
Microsoft Visual Studio Solution File, Format Version 12.00
# Visual Studio 15
VisualStudioVersion = 15.0.28307.705
MinimumVisualStudioVersion = 10.0.40219.1
Project("{9A19103F-16F7-4668-BE54-9A1E7A4F7556}") = "WebApi", "WebApi.csproj", "{D35449F6-3544-4C2B-86D4-C62A23C3E0C9}"
EndProject
Global
	GlobalSection(SolutionConfigurationPlatforms) = preSolution
		Debug|Any CPU = Debug|Any CPU
		Release|Any CPU = Release|Any CPU
	EndGlobalSection
	GlobalSection(ProjectConfigurationPlatforms) = postSolution
		{D35449F6-3544-4C2B-86D4-C62A23C3E0C9}.Debug|Any CPU.ActiveCfg = Debug|Any CPU
		{D35449F6-3544-4C2B-86D4-C62A23C3E0C9}.Debug|Any CPU.Build.0 = Debug|Any CPU
		{D35449F6-3544-4C2B-86D4-C62A23C3E0C9}.Release|Any CPU.ActiveCfg = Release|Any CPU
		{D35449F6-3544-4C2B-86D4-C62A23C3E0C9}.Release|Any CPU.Build.0 = Release|Any CPU
	EndGlobalSection
	GlobalSection(SolutionProperties) = preSolution
		HideSolutionNode = FALSE
	EndGlobalSection
	GlobalSection(ExtensibilityGlobals) = postSolution
		SolutionGuid = {717C930D-679C-4E59-8190-721367266A58}
	EndGlobalSection
EndGlobal
