
Microsoft Visual Studio Solution File, Format Version 12.00
# Visual Studio 15
VisualStudioVersion = 15.0.28307.106
MinimumVisualStudioVersion = 10.0.40219.1
Project("{FAE04EC0-301F-11D3-BF4B-00C04F79EFBC}") = "Mongo_Elastic_POC", "Mongo_Elastic_POC\Mongo_Elastic_POC.csproj", "{27CFC91D-6618-444C-BC47-1C4DAFD2990F}"
EndProject
Global
	GlobalSection(SolutionConfigurationPlatforms) = preSolution
		Debug|Any CPU = Debug|Any CPU
		Release|Any CPU = Release|Any CPU
	EndGlobalSection
	GlobalSection(ProjectConfigurationPlatforms) = postSolution
		{27CFC91D-6618-444C-BC47-1C4DAFD2990F}.Debug|Any CPU.ActiveCfg = Debug|Any CPU
		{27CFC91D-6618-444C-BC47-1C4DAFD2990F}.Debug|Any CPU.Build.0 = Debug|Any CPU
		{27CFC91D-6618-444C-BC47-1C4DAFD2990F}.Release|Any CPU.ActiveCfg = Release|Any CPU
		{27CFC91D-6618-444C-BC47-1C4DAFD2990F}.Release|Any CPU.Build.0 = Release|Any CPU
	EndGlobalSection
	GlobalSection(SolutionProperties) = preSolution
		HideSolutionNode = FALSE
	EndGlobalSection
	GlobalSection(ExtensibilityGlobals) = postSolution
		SolutionGuid = {0B7543B1-C353-4C4F-B01A-BD882721D8F8}
	EndGlobalSection
EndGlobal
