
Microsoft Visual Studio Solution File, Format Version 12.00
# Visual Studio 15
VisualStudioVersion = 15.0.28307.705
MinimumVisualStudioVersion = 10.0.40219.1
Project("{9A19103F-16F7-4668-BE54-9A1E7A4F7556}") = "CustomersAPIServices", "CustomersAPIServices.csproj", "{62BA7EEA-6374-459C-B8A4-DF223A449153}"
EndProject
Global
	GlobalSection(SolutionConfigurationPlatforms) = preSolution
		Debug|Any CPU = Debug|Any CPU
		Release|Any CPU = Release|Any CPU
	EndGlobalSection
	GlobalSection(ProjectConfigurationPlatforms) = postSolution
		{62BA7EEA-6374-459C-B8A4-DF223A449153}.Debug|Any CPU.ActiveCfg = Debug|Any CPU
		{62BA7EEA-6374-459C-B8A4-DF223A449153}.Debug|Any CPU.Build.0 = Debug|Any CPU
		{62BA7EEA-6374-459C-B8A4-DF223A449153}.Release|Any CPU.ActiveCfg = Release|Any CPU
		{62BA7EEA-6374-459C-B8A4-DF223A449153}.Release|Any CPU.Build.0 = Release|Any CPU
	EndGlobalSection
	GlobalSection(SolutionProperties) = preSolution
		HideSolutionNode = FALSE
	EndGlobalSection
	GlobalSection(ExtensibilityGlobals) = postSolution
		SolutionGuid = {19898C54-2DB5-47D6-8E68-2709B05C1871}
	EndGlobalSection
EndGlobal
